
Microsoft Visual Studio Solution File, Format Version 12.00
# Visual Studio Version 16
VisualStudioVersion = 16.0.32002.261
MinimumVisualStudioVersion = 10.0.40219.1
Project("{FAE04EC0-301F-11D3-BF4B-00C04F79EFBC}") = "UpdateApp", "UpdateApp\UpdateApp.csproj", "{D1A010F6-2623-45A9-AA74-8F1A329444E7}"
EndProject
Global
	GlobalSection(SolutionConfigurationPlatforms) = preSolution
		Debug|Any CPU = Debug|Any CPU
		Release|Any CPU = Release|Any CPU
	EndGlobalSection
	GlobalSection(ProjectConfigurationPlatforms) = postSolution
		{D1A010F6-2623-45A9-AA74-8F1A329444E7}.Debug|Any CPU.ActiveCfg = Debug|Any CPU
		{D1A010F6-2623-45A9-AA74-8F1A329444E7}.Debug|Any CPU.Build.0 = Debug|Any CPU
		{D1A010F6-2623-45A9-AA74-8F1A329444E7}.Release|Any CPU.ActiveCfg = Release|Any CPU
		{D1A010F6-2623-45A9-AA74-8F1A329444E7}.Release|Any CPU.Build.0 = Release|Any CPU
	EndGlobalSection
	GlobalSection(SolutionProperties) = preSolution
		HideSolutionNode = FALSE
	EndGlobalSection
	GlobalSection(ExtensibilityGlobals) = postSolution
		SolutionGuid = {827156F7-96A4-4A0F-BC27-700AAB3EA473}
	EndGlobalSection
EndGlobal
